{
  "name": "@sxrated/sx-rated",
  "version": "1.0.0",
  "lockfileVersion": 3,
  "requires": true,
  "packages": {
    "": {
      "name": "@sxrated/sx-rated",
      "version": "1.0.0",
      "license": "MIT",
      "workspaces": [
        "libs/*"
      ]
    },
    "libs/attribute-number-formatter": {
      "name": "@sxrated/attribute-number-formatter",
      "version": "1.0.0",
      "license": "MIT",
      "devDependencies": {}
    },
    "libs/essentials": {
      "name": "@sxrated/essentials",
      "version": "1.0.0",
      "license": "MIT",
      "devDependencies": {}
    },
    "node_modules/@sxrated/attribute-number-formatter": {
      "resolved": "libs/attribute-number-formatter",
      "link": true
    },
    "node_modules/@sxrated/essentials": {
      "resolved": "libs/essentials",
      "link": true
    }
  }
}
